
Microsoft Visual Studio Solution File, Format Version 12.00
# Visual Studio Version 16
VisualStudioVersion = 16.0.31515.178
MinimumVisualStudioVersion = 10.0.40219.1
Project("{FAE04EC0-301F-11D3-BF4B-00C04F79EFBC}") = "ParkingLot", "ParkingLot\ParkingLot.csproj", "{A8315522-1024-4B50-AB7F-F97A8B4A54D0}"
EndProject
Project("{FAE04EC0-301F-11D3-BF4B-00C04F79EFBC}") = "ParkingLotAPI", "ParkingLotAPI\ParkingLotAPI.csproj", "{5716D9A1-558A-48FE-B80F-352D4CCC1372}"
EndProject
Project("{FAE04EC0-301F-11D3-BF4B-00C04F79EFBC}") = "ParkingLotData", "ParkingLotData\ParkingLotData.csproj", "{AE798CAB-8751-4832-B890-3ADE1FC4589F}"
EndProject
Global
	GlobalSection(SolutionConfigurationPlatforms) = preSolution
		Debug|Any CPU = Debug|Any CPU
		Release|Any CPU = Release|Any CPU
	EndGlobalSection
	GlobalSection(ProjectConfigurationPlatforms) = postSolution
		{A8315522-1024-4B50-AB7F-F97A8B4A54D0}.Debug|Any CPU.ActiveCfg = Debug|Any CPU
		{A8315522-1024-4B50-AB7F-F97A8B4A54D0}.Debug|Any CPU.Build.0 = Debug|Any CPU
		{A8315522-1024-4B50-AB7F-F97A8B4A54D0}.Release|Any CPU.ActiveCfg = Release|Any CPU
		{A8315522-1024-4B50-AB7F-F97A8B4A54D0}.Release|Any CPU.Build.0 = Release|Any CPU
		{5716D9A1-558A-48FE-B80F-352D4CCC1372}.Debug|Any CPU.ActiveCfg = Debug|Any CPU
		{5716D9A1-558A-48FE-B80F-352D4CCC1372}.Debug|Any CPU.Build.0 = Debug|Any CPU
		{5716D9A1-558A-48FE-B80F-352D4CCC1372}.Release|Any CPU.ActiveCfg = Release|Any CPU
		{5716D9A1-558A-48FE-B80F-352D4CCC1372}.Release|Any CPU.Build.0 = Release|Any CPU
		{AE798CAB-8751-4832-B890-3ADE1FC4589F}.Debug|Any CPU.ActiveCfg = Debug|Any CPU
		{AE798CAB-8751-4832-B890-3ADE1FC4589F}.Debug|Any CPU.Build.0 = Debug|Any CPU
		{AE798CAB-8751-4832-B890-3ADE1FC4589F}.Release|Any CPU.ActiveCfg = Release|Any CPU
		{AE798CAB-8751-4832-B890-3ADE1FC4589F}.Release|Any CPU.Build.0 = Release|Any CPU
	EndGlobalSection
	GlobalSection(SolutionProperties) = preSolution
		HideSolutionNode = FALSE
	EndGlobalSection
	GlobalSection(ExtensibilityGlobals) = postSolution
		SolutionGuid = {F4E600DA-AF43-4712-9ED8-FE7A01EDB5A1}
	EndGlobalSection
EndGlobal
